{
  "lockfile-version": 1,
  "manifest": {
    "schema-version": "1.14.0",
    "install": {
      "eccodes": {
        "pkg-path": "eccodes",
        "version": "2.48.0"
      },
      "gcc": {
        "pkg-path": "gcc",
        "version": "15.3.0"
      },
      "go": {
        "pkg-path": "go",
        "version": "1.26.5"
      },
      "golangci-lint": {
        "pkg-path": "golangci-lint",
        "version": "2.12.2"
      },
      "pkg-config": {
        "pkg-path": "pkg-config",
        "version": "0.29.2"
      }
    },
    "vars": {
      "CGO_ENABLED": "1"
    },
    "options": {}
  },
  "packages": [
    {
      "attr_path": "eccodes",
      "broken": false,
      "derivation": "/nix/store/jz3rsr7f4sw8dlpjxb7xi6y25jwzzrry-eccodes-2.48.0.drv",
      "description": "ECMWF library for reading and writing GRIB, BUFR and GTS abbreviated header",
      "install_id": "eccodes",
      "license": "Apache-2.0",
      "locked_url": "https://github.com/flox/nixpkgs?rev=ffb3c9b700e759be2ef13237c9d8f953b32a1e46",
      "name": "eccodes-2.48.0",
      "pname": "eccodes",
      "rev": "ffb3c9b700e759be2ef13237c9d8f953b32a1e46",
      "rev_count": 1058091,
      "rev_date": "2026-08-19T10:27:33Z",
      "scrape_date": "2026-08-21T04:55:36.955882Z",
      "stabilities": [
        "staging",
        "unstable"
      ],
      "unfree": false,
      "version": "2.48.0",
      "outputs_to_install": [
        "out"
      ],
      "outputs": {
        "out": "/nix/store/8ydjxdny60hqg4rrhlkjsfvqwkf94z04-eccodes-2.48.0"
      },
      "system": "aarch64-darwin",
      "group": "toplevel",
      "priority": 5
    },
    {
      "attr_path": "eccodes",
      "broken": false,
      "derivation": "/nix/store/wc0d6bvy3bb9ajl5pzgwrdz4l7hdn9l1-eccodes-2.48.0.drv",
      "description": "ECMWF library for reading and writing GRIB, BUFR and GTS abbreviated header",
      "install_id": "eccodes",
      "license": "Apache-2.0",
      "locked_url": "https://github.com/flox/nixpkgs?rev=ffb3c9b700e759be2ef13237c9d8f953b32a1e46",
      "name": "eccodes-2.48.0",
      "pname": "eccodes",
      "rev": "ffb3c9b700e759be2ef13237c9d8f953b32a1e46",
      "rev_count": 1058091,
      "rev_date": "2026-08-19T10:27:33Z",
      "scrape_date": "2026-08-21T05:24:57.742833Z",
      "stabilities": [
        "staging",
        "unstable"
      ],
      "unfree": false,
      "version": "2.48.0",
      "outputs_to_install": [
        "out"
      ],
      "outputs": {
        "out": "/nix/store/4qm1p6lgbgxdc27f1cq684f1d6sqi122-eccodes-2.48.0"
      },
      "system": "aarch64-linux",
      "group": "toplevel",
      "priority": 5
    },
    {
      "attr_path": "eccodes",
      "broken": false,
      "derivation": "/nix/store/aik76sbbrcz8r8z8wiwjkx09jnhbr9ly-eccodes-2.48.0.drv",
      "description": "ECMWF library for reading and writing GRIB, BUFR and GTS abbreviated header",
      "install_id": "eccodes",
      "license": "Apache-2.0",
      "locked_url": "https://github.com/flox/nixpkgs?rev=ffb3c9b700e759be2ef13237c9d8f953b32a1e46",
      "name": "eccodes-2.48.0",
      "pname": "eccodes",
      "rev": "ffb3c9b700e759be2ef13237c9d8f953b32a1e46",
      "rev_count": 1058091,
      "rev_date": "2026-08-19T10:27:33Z",
      "scrape_date": "2026-08-21T05:57:59.280813Z",
      "stabilities": [
        "staging",
        "unstable"
      ],
      "unfree": false,
      "version": "2.48.0",
      "outputs_to_install": [
        "out"
      ],
      "outputs": {
        "out": "/nix/store/kvibd3dm3760p0g89rxj8mijxrapmhk2-eccodes-2.48.0"
      },
      "system": "x86_64-linux",
      "group": "toplevel",
      "priority": 5
    },
    {
      "attr_path": "gcc",
      "broken": false,
      "derivation": "/nix/store/9wib4264fz7d6v6w39z0k7633agygknx-gcc-wrapper-15.3.0.drv",
      "description": "GNU Compiler Collection, version 15.3.0 (wrapper script)",
      "install_id": "gcc",
      "license": "GPL-3.0-or-later",
      "locked_url": "https://github.com/flox/nixpkgs?rev=ffb3c9b700e759be2ef13237c9d8f953b32a1e46",
      "name": "gcc-wrapper-15.3.0",
      "pname": "gcc",
      "rev": "ffb3c9b700e759be2ef13237c9d8f953b32a1e46",
      "rev_count": 1058091,
      "rev_date": "2026-08-19T10:27:33Z",
      "scrape_date": "2026-08-21T04:55:37.310941Z",
      "stabilities": [
        "staging",
        "unstable"
      ],
      "unfree": false,
      "version": "15.3.0",
      "outputs_to_install": [
        "man",
        "out"
      ],
      "outputs": {
        "info": "/nix/store/ia35mhxpx3g0rw4rgxx1bsffdss8k443-gcc-wrapper-15.3.0-info",
        "man": "/nix/store/r3mvpp12qcpgy1p4mynylm1yczlrl54m-gcc-wrapper-15.3.0-man",
        "out": "/nix/store/z861apmywyg8s66p669lk20s8sba1ns4-gcc-wrapper-15.3.0"
      },
      "system": "aarch64-darwin",
      "group": "toplevel",
      "priority": 5
    },
    {
      "attr_path": "gcc",
      "broken": false,
      "derivation": "/nix/store/jjjl9xhb2v6hdpag1k201ns88zrw8v2j-gcc-wrapper-15.3.0.drv",
      "description": "GNU Compiler Collection, version 15.3.0 (wrapper script)",
      "install_id": "gcc",
      "license": "GPL-3.0-or-later",
      "locked_url": "https://github.com/flox/nixpkgs?rev=ffb3c9b700e759be2ef13237c9d8f953b32a1e46",
      "name": "gcc-wrapper-15.3.0",
      "pname": "gcc",
      "rev": "ffb3c9b700e759be2ef13237c9d8f953b32a1e46",
      "rev_count": 1058091,
      "rev_date": "2026-08-19T10:27:33Z",
      "scrape_date": "2026-08-21T05:24:58.366372Z",
      "stabilities": [
        "staging",
        "unstable"
      ],
      "unfree": false,
      "version": "15.3.0",
      "outputs_to_install": [
        "man",
        "out",
        "out"
      ],
      "outputs": {
        "info": "/nix/store/71h5bpymwqprc32zlhyfvjyk1vpnqpr6-gcc-wrapper-15.3.0-info",
        "man": "/nix/store/n7v4fk0yzfl45w4maza94539w5pa2dmz-gcc-wrapper-15.3.0-man",
        "out": "/nix/store/gw0vcpg33m9cqd6rscyqvds45apfrxfy-gcc-wrapper-15.3.0"
      },
      "system": "aarch64-linux",
      "group": "toplevel",
      "priority": 5
    },
    {
      "attr_path": "gcc",
      "broken": false,
      "derivation": "/nix/store/ijc4dyx0vj8qbwp7dz0a0g11rg6kd6d2-gcc-wrapper-15.3.0.drv",
      "description": "GNU Compiler Collection, version 15.3.0 (wrapper script)",
      "install_id": "gcc",
      "license": "GPL-3.0-or-later",
      "locked_url": "https://github.com/flox/nixpkgs?rev=ffb3c9b700e759be2ef13237c9d8f953b32a1e46",
      "name": "gcc-wrapper-15.3.0",
      "pname": "gcc",
      "rev": "ffb3c9b700e759be2ef13237c9d8f953b32a1e46",
      "rev_count": 1058091,
      "rev_date": "2026-08-19T10:27:33Z",
      "scrape_date": "2026-08-21T05:58:00.028613Z",
      "stabilities": [
        "staging",
        "unstable"
      ],
      "unfree": false,
      "version": "15.3.0",
      "outputs_to_install": [
        "man",
        "out",
        "out"
      ],
      "outputs": {
        "info": "/nix/store/azh5xknrc1wnlh66n1ba73kp8lzrjd76-gcc-wrapper-15.3.0-info",
        "man": "/nix/store/jjm7zxsc05zkfa60rrywxlfryzqy24al-gcc-wrapper-15.3.0-man",
        "out": "/nix/store/3d1c302vw7kc8a5vknhmn34c0pd7zm6m-gcc-wrapper-15.3.0"
      },
      "system": "x86_64-linux",
      "group": "toplevel",
      "priority": 5
    },
    {
      "attr_path": "go",
      "broken": false,
      "derivation": "/nix/store/l4h5brja9krijg49rjgqqwl41gallzyk-go-1.26.5.drv",
      "description": "Go Programming language",
      "install_id": "go",
      "license": "BSD-3-Clause",
      "locked_url": "https://github.com/flox/nixpkgs?rev=ffb3c9b700e759be2ef13237c9d8f953b32a1e46",
      "name": "go-1.26.5",
      "pname": "go",
      "rev": "ffb3c9b700e759be2ef13237c9d8f953b32a1e46",
      "rev_count": 1058091,
      "rev_date": "2026-08-19T10:27:33Z",
      "scrape_date": "2026-08-21T04:55:37.577771Z",
      "stabilities": [
        "staging",
        "unstable"
      ],
      "unfree": false,
      "version": "1.26.5",
      "outputs_to_install": [
        "out",
        "out"
      ],
      "outputs": {
        "out": "/nix/store/4im44k446822ixjai0mdaizqskc90qxr-go-1.26.5"
      },
      "system": "aarch64-darwin",
      "group": "toplevel",
      "priority": 5
    },
    {
      "attr_path": "go",
      "broken": false,
      "derivation": "/nix/store/0gbv4dwd20dvc1ld7v7vmbym3wh5lvkp-go-1.26.5.drv",
      "description": "Go Programming language",
      "install_id": "go",
      "license": "BSD-3-Clause",
      "locked_url": "https://github.com/flox/nixpkgs?rev=ffb3c9b700e759be2ef13237c9d8f953b32a1e46",
      "name": "go-1.26.5",
      "pname": "go",
      "rev": "ffb3c9b700e759be2ef13237c9d8f953b32a1e46",
      "rev_count": 1058091,
      "rev_date": "2026-08-19T10:27:33Z",
      "scrape_date": "2026-08-21T05:24:59.334038Z",
      "stabilities": [
        "staging",
        "unstable"
      ],
      "unfree": false,
      "version": "1.26.5",
      "outputs_to_install": [
        "out"
      ],
      "outputs": {
        "out": "/nix/store/yjifjy7qjzm9jli8xhzwy3y6fzw84405-go-1.26.5"
      },
      "system": "aarch64-linux",
      "group": "toplevel",
      "priority": 5
    },
    {
      "attr_path": "go",
      "broken": false,
      "derivation": "/nix/store/11w7bm3ywzxmqw9cczv44gxcfiws472f-go-1.26.5.drv",
      "description": "Go Programming language",
      "install_id": "go",
      "license": "BSD-3-Clause",
      "locked_url": "https://github.com/flox/nixpkgs?rev=ffb3c9b700e759be2ef13237c9d8f953b32a1e46",
      "name": "go-1.26.5",
      "pname": "go",
      "rev": "ffb3c9b700e759be2ef13237c9d8f953b32a1e46",
      "rev_count": 1058091,
      "rev_date": "2026-08-19T10:27:33Z",
      "scrape_date": "2026-08-21T05:58:01.103289Z",
      "stabilities": [
        "staging",
        "unstable"
      ],
      "unfree": false,
      "version": "1.26.5",
      "outputs_to_install": [
        "out"
      ],
      "outputs": {
        "out": "/nix/store/xrgn6m0c5vbz06467q06zdwnk6qqdl7z-go-1.26.5"
      },
      "system": "x86_64-linux",
      "group": "toplevel",
      "priority": 5
    },
    {
      "attr_path": "golangci-lint",
      "broken": false,
      "derivation": "/nix/store/wsfjjyhm2kz8dza3qvh4vzf39yvxhx4w-golangci-lint-2.12.2.drv",
      "description": "Fast linters Runner for Go",
      "install_id": "golangci-lint",
      "license": "GPL-3.0-or-later",
      "locked_url": "https://github.com/flox/nixpkgs?rev=ffb3c9b700e759be2ef13237c9d8f953b32a1e46",
      "name": "golangci-lint-2.12.2",
      "pname": "golangci-lint",
      "rev": "ffb3c9b700e759be2ef13237c9d8f953b32a1e46",
      "rev_count": 1058091,
      "rev_date": "2026-08-19T10:27:33Z",
      "scrape_date": "2026-08-21T04:55:37.641698Z",
      "stabilities": [
        "staging",
        "unstable"
      ],
      "unfree": false,
      "version": "2.12.2",
      "outputs_to_install": [
        "out"
      ],
      "outputs": {
        "out": "/nix/store/cqawpcdr4iif6g81i9flza941zxzgac5-golangci-lint-2.12.2"
      },
      "system": "aarch64-darwin",
      "group": "toplevel",
      "priority": 5
    },
    {
      "attr_path": "golangci-lint",
      "broken": false,
      "derivation": "/nix/store/2fm59nlrwrmky38k4wqga4b49ab306d7-golangci-lint-2.12.2.drv",
      "description": "Fast linters Runner for Go",
      "install_id": "golangci-lint",
      "license": "GPL-3.0-or-later",
      "locked_url": "https://github.com/flox/nixpkgs?rev=ffb3c9b700e759be2ef13237c9d8f953b32a1e46",
      "name": "golangci-lint-2.12.2",
      "pname": "golangci-lint",
      "rev": "ffb3c9b700e759be2ef13237c9d8f953b32a1e46",
      "rev_count": 1058091,
      "rev_date": "2026-08-19T10:27:33Z",
      "scrape_date": "2026-08-21T05:24:59.437582Z",
      "stabilities": [
        "staging",
        "unstable"
      ],
      "unfree": false,
      "version": "2.12.2",
      "outputs_to_install": [
        "out"
      ],
      "outputs": {
        "out": "/nix/store/dyiky0qyz8p8z3c54rz5z2qdwbrf05c7-golangci-lint-2.12.2"
      },
      "system": "aarch64-linux",
      "group": "toplevel",
      "priority": 5
    },
    {
      "attr_path": "golangci-lint",
      "broken": false,
      "derivation": "/nix/store/brznwjf44vslb41i16lchdga14zwz8n2-golangci-lint-2.12.2.drv",
      "description": "Fast linters Runner for Go",
      "install_id": "golangci-lint",
      "license": "GPL-3.0-or-later",
      "locked_url": "https://github.com/flox/nixpkgs?rev=ffb3c9b700e759be2ef13237c9d8f953b32a1e46",
      "name": "golangci-lint-2.12.2",
      "pname": "golangci-lint",
      "rev": "ffb3c9b700e759be2ef13237c9d8f953b32a1e46",
      "rev_count": 1058091,
      "rev_date": "2026-08-19T10:27:33Z",
      "scrape_date": "2026-08-21T05:58:01.217823Z",
      "stabilities": [
        "staging",
        "unstable"
      ],
      "unfree": false,
      "version": "2.12.2",
      "outputs_to_install": [
        "out"
      ],
      "outputs": {
        "out": "/nix/store/yl3hlickshlf7smf4iql5lalmhi6hhqg-golangci-lint-2.12.2"
      },
      "system": "x86_64-linux",
      "group": "toplevel",
      "priority": 5
    },
    {
      "attr_path": "pkg-config",
      "broken": false,
      "derivation": "/nix/store/6bz54alfyd7jz1m8wpkqbfxh1dl9iy04-pkg-config-wrapper-0.29.2.drv",
      "description": "Tool that allows packages to find out information about other packages (wrapper script)",
      "install_id": "pkg-config",
      "license": "GPL-2.0-or-later",
      "locked_url": "https://github.com/flox/nixpkgs?rev=ffb3c9b700e759be2ef13237c9d8f953b32a1e46",
      "name": "pkg-config-wrapper-0.29.2",
      "pname": "pkg-config",
      "rev": "ffb3c9b700e759be2ef13237c9d8f953b32a1e46",
      "rev_count": 1058091,
      "rev_date": "2026-08-19T10:27:33Z",
      "scrape_date": "2026-08-21T04:56:14.323396Z",
      "stabilities": [
        "staging",
        "unstable"
      ],
      "unfree": false,
      "version": "0.29.2",
      "outputs_to_install": [
        "man",
        "out"
      ],
      "outputs": {
        "doc": "/nix/store/4wvcyvpa8qfw57f1lm0bvclkyricz1nw-pkg-config-wrapper-0.29.2-doc",
        "man": "/nix/store/jzm3hl1m0ay70srld09nz7naslr1clh6-pkg-config-wrapper-0.29.2-man",
        "out": "/nix/store/lqahvywm9fgdhi7lwz4y56dkamsg7z0s-pkg-config-wrapper-0.29.2"
      },
      "system": "aarch64-darwin",
      "group": "toplevel",
      "priority": 5
    },
    {
      "attr_path": "pkg-config",
      "broken": false,
      "derivation": "/nix/store/qrdqzlbg5z6gr9d3v9wlcal1mywyil5y-pkg-config-wrapper-0.29.2.drv",
      "description": "Tool that allows packages to find out information about other packages (wrapper script)",
      "install_id": "pkg-config",
      "license": "GPL-2.0-or-later",
      "locked_url": "https://github.com/flox/nixpkgs?rev=ffb3c9b700e759be2ef13237c9d8f953b32a1e46",
      "name": "pkg-config-wrapper-0.29.2",
      "pname": "pkg-config",
      "rev": "ffb3c9b700e759be2ef13237c9d8f953b32a1e46",
      "rev_count": 1058091,
      "rev_date": "2026-08-19T10:27:33Z",
      "scrape_date": "2026-08-21T05:25:55.086778Z",
      "stabilities": [
        "staging",
        "unstable"
      ],
      "unfree": false,
      "version": "0.29.2",
      "outputs_to_install": [
        "man",
        "out",
        "out"
      ],
      "outputs": {
        "doc": "/nix/store/wiakanzf3cvmfj71fwmlwsnkx5j5jqff-pkg-config-wrapper-0.29.2-doc",
        "man": "/nix/store/3k8amsdyvkvs3bx046rilzvg95sf3whq-pkg-config-wrapper-0.29.2-man",
        "out": "/nix/store/5fi9ys1lcnhbc8rcrp0d40rawhlzx4kj-pkg-config-wrapper-0.29.2"
      },
      "system": "aarch64-linux",
      "group": "toplevel",
      "priority": 5
    },
    {
      "attr_path": "pkg-config",
      "broken": false,
      "derivation": "/nix/store/j82g2bjkzlmb4yl95mcydvr8vagyxlfz-pkg-config-wrapper-0.29.2.drv",
      "description": "Tool that allows packages to find out information about other packages (wrapper script)",
      "install_id": "pkg-config",
      "license": "GPL-2.0-or-later",
      "locked_url": "https://github.com/flox/nixpkgs?rev=ffb3c9b700e759be2ef13237c9d8f953b32a1e46",
      "name": "pkg-config-wrapper-0.29.2",
      "pname": "pkg-config",
      "rev": "ffb3c9b700e759be2ef13237c9d8f953b32a1e46",
      "rev_count": 1058091,
      "rev_date": "2026-08-19T10:27:33Z",
      "scrape_date": "2026-08-21T05:58:59.545145Z",
      "stabilities": [
        "staging",
        "unstable"
      ],
      "unfree": false,
      "version": "0.29.2",
      "outputs_to_install": [
        "man",
        "out",
        "out"
      ],
      "outputs": {
        "doc": "/nix/store/nylzh161yfi2rbxx39q89v5j1dww244v-pkg-config-wrapper-0.29.2-doc",
        "man": "/nix/store/hfg67nkikfz1r5plfph4disyvj41mpm6-pkg-config-wrapper-0.29.2-man",
        "out": "/nix/store/0v0raqk1qw5g2a21km4xa1hwhaq4s976-pkg-config-wrapper-0.29.2"
      },
      "system": "x86_64-linux",
      "group": "toplevel",
      "priority": 5
    }
  ]
}
